// !$*UTF8*$!
{
	archiveVersion = 1;
	classes = {
	};
	objectVersion = 46;
	objects = {

/* Begin PBXAggregateTarget section */
		00BEF8E11B18B35400FBB93D /* IDDataCache-Universal */ = {
			isa = PBXAggregateTarget;
			buildConfigurationList = 00BEF8E21B18B35400FBB93D /* Build configuration list for PBXAggregateTarget "IDDataCache-Universal" */;
			buildPhases = (
				00BEF8E51B18B35F00FBB93D /* ShellScript */,
			);
			dependencies = (
			);
			name = "IDDataCache-Universal";
			productName = "IDDataCache-Universal";
		};
/* End PBXAggregateTarget section */

/* Begin PBXBuildFile section */
		0017C6D11B1A3991000709DB /* CommonCrypto.framework in Frameworks */ = {isa = PBXBuildFile; fileRef = 0089F04D1B19DC02003DF759 /* CommonCrypto.framework */; settings = {ATTRIBUTES = (Weak, ); }; };
		0089F0691B19DCC3003DF759 /* iphoneos.modulemap in Sources */ = {isa = PBXBuildFile; fileRef = 0089F0671B19DCC3003DF759 /* iphoneos.modulemap */; };
		0089F06A1B19DCC3003DF759 /* iphonesimulator.modulemap in Sources */ = {isa = PBXBuildFile; fileRef = 0089F0681B19DCC3003DF759 /* iphonesimulator.modulemap */; };
		00BEF8CB1B18B18700FBB93D /* IDDataCache.h in Headers */ = {isa = PBXBuildFile; fileRef = 00BEF8CA1B18B18700FBB93D /* IDDataCache.h */; settings = {ATTRIBUTES = (Public, ); }; };
		00BEF8E71B18B50500FBB93D /* IDDataCache.swift in Sources */ = {isa = PBXBuildFile; fileRef = 00BEF8E61B18B50500FBB93D /* IDDataCache.swift */; };
/* End PBXBuildFile section */

/* Begin PBXContainerItemProxy section */
		0089F06D1B19DD4A003DF759 /* PBXContainerItemProxy */ = {
			isa = PBXContainerItemProxy;
			containerPortal = 00BEF8BC1B18B18700FBB93D /* Project object */;
			proxyType = 1;
			remoteGlobalIDString = 0089F04C1B19DC02003DF759;
			remoteInfo = CommonCrypto;
		};
/* End PBXContainerItemProxy section */

/* Begin PBXFileReference section */
		0089F04D1B19DC02003DF759 /* CommonCrypto.framework */ = {isa = PBXFileReference; explicitFileType = wrapper.framework; includeInIndex = 0; path = CommonCrypto.framework; sourceTree = BUILT_PRODUCTS_DIR; };
		0089F0501B19DC02003DF759 /* Info.plist */ = {isa = PBXFileReference; lastKnownFileType = text.plist.xml; path = Info.plist; sourceTree = "<group>"; };
		0089F0661B19DC46003DF759 /* CommonCrypto.xcconfig */ = {isa = PBXFileReference; lastKnownFileType = text.xcconfig; name = CommonCrypto.xcconfig; path = CommonCrypto/CommonCrypto.xcconfig; sourceTree = "<group>"; };
		0089F0671B19DCC3003DF759 /* iphoneos.modulemap */ = {isa = PBXFileReference; fileEncoding = 4; lastKnownFileType = "sourcecode.module-map"; path = iphoneos.modulemap; sourceTree = "<group>"; };
		0089F0681B19DCC3003DF759 /* iphonesimulator.modulemap */ = {isa = PBXFileReference; fileEncoding = 4; lastKnownFileType = "sourcecode.module-map"; path = iphonesimulator.modulemap; sourceTree = "<group>"; };
		0089F06B1B19DD39003DF759 /* libcommonCrypto.dylib */ = {isa = PBXFileReference; lastKnownFileType = "compiled.mach-o.dylib"; name = libcommonCrypto.dylib; path = usr/lib/system/libcommonCrypto.dylib; sourceTree = SDKROOT; };
		00BEF8C51B18B18700FBB93D /* IDDataCache.framework */ = {isa = PBXFileReference; explicitFileType = wrapper.framework; includeInIndex = 0; path = IDDataCache.framework; sourceTree = BUILT_PRODUCTS_DIR; };
		00BEF8C91B18B18700FBB93D /* Info.plist */ = {isa = PBXFileReference; lastKnownFileType = text.plist.xml; path = Info.plist; sourceTree = "<group>"; };
		00BEF8CA1B18B18700FBB93D /* IDDataCache.h */ = {isa = PBXFileReference; lastKnownFileType = sourcecode.c.h; path = IDDataCache.h; sourceTree = "<group>"; };
		00BEF8E61B18B50500FBB93D /* IDDataCache.swift */ = {isa = PBXFileReference; fileEncoding = 4; lastKnownFileType = sourcecode.swift; path = IDDataCache.swift; sourceTree = "<group>"; };
/* End PBXFileReference section */

/* Begin PBXFrameworksBuildPhase section */
		0089F0491B19DC02003DF759 /* Frameworks */ = {
			isa = PBXFrameworksBuildPhase;
			buildActionMask = 2147483647;
			files = (
			);
			runOnlyForDeploymentPostprocessing = 0;
		};
		00BEF8C11B18B18700FBB93D /* Frameworks */ = {
			isa = PBXFrameworksBuildPhase;
			buildActionMask = 2147483647;
			files = (
				0017C6D11B1A3991000709DB /* CommonCrypto.framework in Frameworks */,
			);
			runOnlyForDeploymentPostprocessing = 0;
		};
/* End PBXFrameworksBuildPhase section */

/* Begin PBXGroup section */
		0089F04E1B19DC02003DF759 /* CommonCrypto */ = {
			isa = PBXGroup;
			children = (
				0089F04F1B19DC02003DF759 /* Supporting Files */,
			);
			path = CommonCrypto;
			sourceTree = "<group>";
		};
		0089F04F1B19DC02003DF759 /* Supporting Files */ = {
			isa = PBXGroup;
			children = (
				0089F0671B19DCC3003DF759 /* iphoneos.modulemap */,
				0089F0681B19DCC3003DF759 /* iphonesimulator.modulemap */,
				0089F0501B19DC02003DF759 /* Info.plist */,
			);
			name = "Supporting Files";
			sourceTree = "<group>";
		};
		00BEF8BB1B18B18700FBB93D = {
			isa = PBXGroup;
			children = (
				0089F06B1B19DD39003DF759 /* libcommonCrypto.dylib */,
				0089F0661B19DC46003DF759 /* CommonCrypto.xcconfig */,
				00BEF8C71B18B18700FBB93D /* IDDataCache */,
				0089F04E1B19DC02003DF759 /* CommonCrypto */,
				00BEF8C61B18B18700FBB93D /* Products */,
			);
			sourceTree = "<group>";
		};
		00BEF8C61B18B18700FBB93D /* Products */ = {
			isa = PBXGroup;
			children = (
				00BEF8C51B18B18700FBB93D /* IDDataCache.framework */,
				0089F04D1B19DC02003DF759 /* CommonCrypto.framework */,
			);
			name = Products;
			sourceTree = "<group>";
		};
		00BEF8C71B18B18700FBB93D /* IDDataCache */ = {
			isa = PBXGroup;
			children = (
				00BEF8E61B18B50500FBB93D /* IDDataCache.swift */,
				00BEF8CA1B18B18700FBB93D /* IDDataCache.h */,
				00BEF8C81B18B18700FBB93D /* Supporting Files */,
			);
			path = IDDataCache;
			sourceTree = "<group>";
		};
		00BEF8C81B18B18700FBB93D /* Supporting Files */ = {
			isa = PBXGroup;
			children = (
				00BEF8C91B18B18700FBB93D /* Info.plist */,
			);
			name = "Supporting Files";
			sourceTree = "<group>";
		};
/* End PBXGroup section */

/* Begin PBXHeadersBuildPhase section */
		0089F04A1B19DC02003DF759 /* Headers */ = {
			isa = PBXHeadersBuildPhase;
			buildActionMask = 2147483647;
			files = (
			);
			runOnlyForDeploymentPostprocessing = 0;
		};
		00BEF8C21B18B18700FBB93D /* Headers */ = {
			isa = PBXHeadersBuildPhase;
			buildActionMask = 2147483647;
			files = (
				00BEF8CB1B18B18700FBB93D /* IDDataCache.h in Headers */,
			);
			runOnlyForDeploymentPostprocessing = 0;
		};
/* End PBXHeadersBuildPhase section */

/* Begin PBXNativeTarget section */
		0089F04C1B19DC02003DF759 /* CommonCrypto */ = {
			isa = PBXNativeTarget;
			buildConfigurationList = 0089F0641B19DC03003DF759 /* Build configuration list for PBXNativeTarget "CommonCrypto" */;
			buildPhases = (
				0089F0481B19DC02003DF759 /* Sources */,
				0089F0491B19DC02003DF759 /* Frameworks */,
				0089F04A1B19DC02003DF759 /* Headers */,
				0089F04B1B19DC02003DF759 /* Resources */,
			);
			buildRules = (
			);
			dependencies = (
			);
			name = CommonCrypto;
			productName = CommonCrypto;
			productReference = 0089F04D1B19DC02003DF759 /* CommonCrypto.framework */;
			productType = "com.apple.product-type.framework";
		};
		00BEF8C41B18B18700FBB93D /* IDDataCache */ = {
			isa = PBXNativeTarget;
			buildConfigurationList = 00BEF8DB1B18B18700FBB93D /* Build configuration list for PBXNativeTarget "IDDataCache" */;
			buildPhases = (
				00BEF8C01B18B18700FBB93D /* Sources */,
				00BEF8C11B18B18700FBB93D /* Frameworks */,
				00BEF8C21B18B18700FBB93D /* Headers */,
				00BEF8C31B18B18700FBB93D /* Resources */,
			);
			buildRules = (
			);
			dependencies = (
				0089F06E1B19DD4A003DF759 /* PBXTargetDependency */,
			);
			name = IDDataCache;
			productName = IDDataCache;
			productReference = 00BEF8C51B18B18700FBB93D /* IDDataCache.framework */;
			productType = "com.apple.product-type.framework";
		};
/* End PBXNativeTarget section */

/* Begin PBXProject section */
		00BEF8BC1B18B18700FBB93D /* Project object */ = {
			isa = PBXProject;
			attributes = {
				LastSwiftMigration = 0700;
				LastSwiftUpdateCheck = 0700;
				LastUpgradeCheck = 0630;
				ORGANIZATIONNAME = TechLight;
				TargetAttributes = {
					0089F04C1B19DC02003DF759 = {
						CreatedOnToolsVersion = 6.3.2;
					};
					00BEF8C41B18B18700FBB93D = {
						CreatedOnToolsVersion = 6.3.2;
					};
					00BEF8E11B18B35400FBB93D = {
						CreatedOnToolsVersion = 6.3.2;
					};
				};
			};
			buildConfigurationList = 00BEF8BF1B18B18700FBB93D /* Build configuration list for PBXProject "IDDataCache" */;
			compatibilityVersion = "Xcode 3.2";
			developmentRegion = English;
			hasScannedForEncodings = 0;
			knownRegions = (
				en,
			);
			mainGroup = 00BEF8BB1B18B18700FBB93D;
			productRefGroup = 00BEF8C61B18B18700FBB93D /* Products */;
			projectDirPath = "";
			projectRoot = "";
			targets = (
				00BEF8C41B18B18700FBB93D /* IDDataCache */,
				00BEF8E11B18B35400FBB93D /* IDDataCache-Universal */,
				0089F04C1B19DC02003DF759 /* CommonCrypto */,
			);
		};
/* End PBXProject section */

/* Begin PBXResourcesBuildPhase section */
		0089F04B1B19DC02003DF759 /* Resources */ = {
			isa = PBXResourcesBuildPhase;
			buildActionMask = 2147483647;
			files = (
			);
			runOnlyForDeploymentPostprocessing = 0;
		};
		00BEF8C31B18B18700FBB93D /* Resources */ = {
			isa = PBXResourcesBuildPhase;
			buildActionMask = 2147483647;
			files = (
			);
			runOnlyForDeploymentPostprocessing = 0;
		};
/* End PBXResourcesBuildPhase section */

/* Begin PBXShellScriptBuildPhase section */
		00BEF8E51B18B35F00FBB93D /* ShellScript */ = {
			isa = PBXShellScriptBuildPhase;
			buildActionMask = 2147483647;
			files = (
			);
			inputPaths = (
			);
			outputPaths = (
			);
			runOnlyForDeploymentPostprocessing = 0;
			shellPath = /bin/sh;
			shellScript = "#!/bin/sh\n\nUNIVERSAL_OUTPUTFOLDER=${BUILD_DIR}/${CONFIGURATION}-universal\n\n# make sure the output directory exists\nmkdir -p \"${UNIVERSAL_OUTPUTFOLDER}\"\n\n# Step 1. Build Device and Simulator versions\nxcodebuild -target \"${PROJECT_NAME}\" ONLY_ACTIVE_ARCH=NO -configuration ${CONFIGURATION} -sdk iphoneos  BUILD_DIR=\"${BUILD_DIR}\" BUILD_ROOT=\"${BUILD_ROOT}\" clean build\nxcodebuild -target \"${PROJECT_NAME}\" -configuration ${CONFIGURATION} -sdk iphonesimulator ONLY_ACTIVE_ARCH=NO BUILD_DIR=\"${BUILD_DIR}\" BUILD_ROOT=\"${BUILD_ROOT}\" clean build\n\n# Step 2. Copy the framework structure (from iphoneos build) to the universal folder\ncp -R \"${BUILD_DIR}/${CONFIGURATION}-iphoneos/${PROJECT_NAME}.framework\" \"${UNIVERSAL_OUTPUTFOLDER}/\"\n\n# Step 3. Copy Swift modules from iphonesimulator build (if it exists) to the copied framework directory\nSIMULATOR_SWIFT_MODULES_DIR=\"${BUILD_DIR}/${CONFIGURATION}-iphonesimulator/${PROJECT_NAME}.framework/Modules/${PROJECT_NAME}.swiftmodule/.\"\nif [ -d \"${SIMULATOR_SWIFT_MODULES_DIR}\" ]; then\ncp -R \"${SIMULATOR_SWIFT_MODULES_DIR}\" \"${UNIVERSAL_OUTPUTFOLDER}/${PROJECT_NAME}.framework/Modules/${PROJECT_NAME}.swiftmodule\"\nfi\n\n# Step 4. Create universal binary file using lipo and place the combined executable in the copied framework directory\nlipo -create -output \"${UNIVERSAL_OUTPUTFOLDER}/${PROJECT_NAME}.framework/${PROJECT_NAME}\" \"${BUILD_DIR}/${CONFIGURATION}-iphonesimulator/${PROJECT_NAME}.framework/${PROJECT_NAME}\" \"${BUILD_DIR}/${CONFIGURATION}-iphoneos/${PROJECT_NAME}.framework/${PROJECT_NAME}\"\n\n# Step 5. Convenience step to copy the framework to the project's directory\ncp -R \"${UNIVERSAL_OUTPUTFOLDER}/${PROJECT_NAME}.framework\" \"${PROJECT_DIR}\"\n\n# Step 6. Convenience step to open the project's directory in Finder\nopen \"${PROJECT_DIR}\"";
		};
/* End PBXShellScriptBuildPhase section */

/* Begin PBXSourcesBuildPhase section */
		0089F0481B19DC02003DF759 /* Sources */ = {
			isa = PBXSourcesBuildPhase;
			buildActionMask = 2147483647;
			files = (
				0089F06A1B19DCC3003DF759 /* iphonesimulator.modulemap in Sources */,
				0089F0691B19DCC3003DF759 /* iphoneos.modulemap in Sources */,
			);
			runOnlyForDeploymentPostprocessing = 0;
		};
		00BEF8C01B18B18700FBB93D /* Sources */ = {
			isa = PBXSourcesBuildPhase;
			buildActionMask = 2147483647;
			files = (
				00BEF8E71B18B50500FBB93D /* IDDataCache.swift in Sources */,
			);
			runOnlyForDeploymentPostprocessing = 0;
		};
/* End PBXSourcesBuildPhase section */

/* Begin PBXTargetDependency section */
		0089F06E1B19DD4A003DF759 /* PBXTargetDependency */ = {
			isa = PBXTargetDependency;
			target = 0089F04C1B19DC02003DF759 /* CommonCrypto */;
			targetProxy = 0089F06D1B19DD4A003DF759 /* PBXContainerItemProxy */;
		};
/* End PBXTargetDependency section */

/* Begin XCBuildConfiguration section */
		0089F0601B19DC03003DF759 /* Debug */ = {
			isa = XCBuildConfiguration;
			baseConfigurationReference = 0089F0661B19DC46003DF759 /* CommonCrypto.xcconfig */;
			buildSettings = {
				DEFINES_MODULE = YES;
				DYLIB_COMPATIBILITY_VERSION = 1;
				DYLIB_CURRENT_VERSION = 1;
				DYLIB_INSTALL_NAME_BASE = "@rpath";
				GCC_PREPROCESSOR_DEFINITIONS = (
					"DEBUG=1",
					"$(inherited)",
				);
				INFOPLIST_FILE = CommonCrypto/Info.plist;
				INSTALL_PATH = "$(LOCAL_LIBRARY_DIR)/Frameworks";
				LD_RUNPATH_SEARCH_PATHS = "$(inherited) @executable_path/Frameworks @loader_path/Frameworks";
				PRODUCT_NAME = "$(TARGET_NAME)";
				SKIP_INSTALL = YES;
			};
			name = Debug;
		};
		0089F0611B19DC03003DF759 /* Release */ = {
			isa = XCBuildConfiguration;
			baseConfigurationReference = 0089F0661B19DC46003DF759 /* CommonCrypto.xcconfig */;
			buildSettings = {
				DEFINES_MODULE = YES;
				DYLIB_COMPATIBILITY_VERSION = 1;
				DYLIB_CURRENT_VERSION = 1;
				DYLIB_INSTALL_NAME_BASE = "@rpath";
				INFOPLIST_FILE = CommonCrypto/Info.plist;
				INSTALL_PATH = "$(LOCAL_LIBRARY_DIR)/Frameworks";
				LD_RUNPATH_SEARCH_PATHS = "$(inherited) @executable_path/Frameworks @loader_path/Frameworks";
				PRODUCT_NAME = "$(TARGET_NAME)";
				SKIP_INSTALL = YES;
			};
			name = Release;
		};
		00BEF8D91B18B18700FBB93D /* Debug */ = {
			isa = XCBuildConfiguration;
			buildSettings = {
				ALWAYS_SEARCH_USER_PATHS = NO;
				CLANG_CXX_LANGUAGE_STANDARD = "gnu++0x";
				CLANG_CXX_LIBRARY = "libc++";
				CLANG_ENABLE_MODULES = YES;
				CLANG_ENABLE_OBJC_ARC = YES;
				CLANG_WARN_BOOL_CONVERSION = YES;
				CLANG_WARN_CONSTANT_CONVERSION = YES;
				CLANG_WARN_DIRECT_OBJC_ISA_USAGE = YES_ERROR;
				CLANG_WARN_EMPTY_BODY = YES;
				CLANG_WARN_ENUM_CONVERSION = YES;
				CLANG_WARN_INT_CONVERSION = YES;
				CLANG_WARN_OBJC_ROOT_CLASS = YES_ERROR;
				CLANG_WARN_UNREACHABLE_CODE = YES;
				CLANG_WARN__DUPLICATE_METHOD_MATCH = YES;
				"CODE_SIGN_IDENTITY[sdk=iphoneos*]" = "iPhone Developer";
				COPY_PHASE_STRIP = NO;
				CURRENT_PROJECT_VERSION = 1;
				DEBUG_INFORMATION_FORMAT = "dwarf-with-dsym";
				ENABLE_STRICT_OBJC_MSGSEND = YES;
				GCC_C_LANGUAGE_STANDARD = gnu99;
				GCC_DYNAMIC_NO_PIC = NO;
				GCC_NO_COMMON_BLOCKS = YES;
				GCC_OPTIMIZATION_LEVEL = 0;
				GCC_PREPROCESSOR_DEFINITIONS = (
					"DEBUG=1",
					"$(inherited)",
				);
				GCC_SYMBOLS_PRIVATE_EXTERN = NO;
				GCC_WARN_64_TO_32_BIT_CONVERSION = YES;
				GCC_WARN_ABOUT_RETURN_TYPE = YES_ERROR;
				GCC_WARN_UNDECLARED_SELECTOR = YES;
				GCC_WARN_UNINITIALIZED_AUTOS = YES_AGGRESSIVE;
				GCC_WARN_UNUSED_FUNCTION = YES;
				GCC_WARN_UNUSED_VARIABLE = YES;
				IPHONEOS_DEPLOYMENT_TARGET = 8.1;
				MTL_ENABLE_DEBUG_INFO = YES;
				ONLY_ACTIVE_ARCH = YES;
				SDKROOT = iphoneos;
				SWIFT_OPTIMIZATION_LEVEL = "-Onone";
				TARGETED_DEVICE_FAMILY = "1,2";
				VERSIONING_SYSTEM = "apple-generic";
				VERSION_INFO_PREFIX = "";
			};
			name = Debug;
		};
		00BEF8DA1B18B18700FBB93D /* Release */ = {
			isa = XCBuildConfiguration;
			buildSettings = {
				ALWAYS_SEARCH_USER_PATHS = NO;
				CLANG_CXX_LANGUAGE_STANDARD = "gnu++0x";
				CLANG_CXX_LIBRARY = "libc++";
				CLANG_ENABLE_MODULES = YES;
				CLANG_ENABLE_OBJC_ARC = YES;
				CLANG_WARN_BOOL_CONVERSION = YES;
				CLANG_WARN_CONSTANT_CONVERSION = YES;
				CLANG_WARN_DIRECT_OBJC_ISA_USAGE = YES_ERROR;
				CLANG_WARN_EMPTY_BODY = YES;
				CLANG_WARN_ENUM_CONVERSION = YES;
				CLANG_WARN_INT_CONVERSION = YES;
				CLANG_WARN_OBJC_ROOT_CLASS = YES_ERROR;
				CLANG_WARN_UNREACHABLE_CODE = YES;
				CLANG_WARN__DUPLICATE_METHOD_MATCH = YES;
				"CODE_SIGN_IDENTITY[sdk=iphoneos*]" = "iPhone Developer";
				COPY_PHASE_STRIP = NO;
				CURRENT_PROJECT_VERSION = 1;
				DEBUG_INFORMATION_FORMAT = "dwarf-with-dsym";
				ENABLE_NS_ASSERTIONS = NO;
				ENABLE_STRICT_OBJC_MSGSEND = YES;
				GCC_C_LANGUAGE_STANDARD = gnu99;
				GCC_NO_COMMON_BLOCKS = YES;
				GCC_WARN_64_TO_32_BIT_CONVERSION = YES;
				GCC_WARN_ABOUT_RETURN_TYPE = YES_ERROR;
				GCC_WARN_UNDECLARED_SELECTOR = YES;
				GCC_WARN_UNINITIALIZED_AUTOS = YES_AGGRESSIVE;
				GCC_WARN_UNUSED_FUNCTION = YES;
				GCC_WARN_UNUSED_VARIABLE = YES;
				IPHONEOS_DEPLOYMENT_TARGET = 8.1;
				MTL_ENABLE_DEBUG_INFO = NO;
				SDKROOT = iphoneos;
				TARGETED_DEVICE_FAMILY = "1,2";
				VALIDATE_PRODUCT = YES;
				VERSIONING_SYSTEM = "apple-generic";
				VERSION_INFO_PREFIX = "";
			};
			name = Release;
		};
		00BEF8DC1B18B18700FBB93D /* Debug */ = {
			isa = XCBuildConfiguration;
			buildSettings = {
				CLANG_ENABLE_MODULES = YES;
				DEFINES_MODULE = YES;
				DYLIB_COMPATIBILITY_VERSION = 1;
				DYLIB_CURRENT_VERSION = 1;
				DYLIB_INSTALL_NAME_BASE = "@rpath";
				INFOPLIST_FILE = IDDataCache/Info.plist;
				INSTALL_PATH = "$(LOCAL_LIBRARY_DIR)/Frameworks";
				IPHONEOS_DEPLOYMENT_TARGET = 8.1;
				LD_RUNPATH_SEARCH_PATHS = "$(inherited) @executable_path/Frameworks @loader_path/Frameworks";
				LIBRARY_SEARCH_PATHS = (
					"$(inherited)",
					"$(SDKROOT)/usr/lib/system",
				);
				PRODUCT_NAME = "$(TARGET_NAME)";
				SKIP_INSTALL = YES;
				SWIFT_OPTIMIZATION_LEVEL = "-Onone";
			};
			name = Debug;
		};
		00BEF8DD1B18B18700FBB93D /* Release */ = {
			isa = XCBuildConfiguration;
			buildSettings = {
				CLANG_ENABLE_MODULES = YES;
				DEFINES_MODULE = YES;
				DYLIB_COMPATIBILITY_VERSION = 1;
				DYLIB_CURRENT_VERSION = 1;
				DYLIB_INSTALL_NAME_BASE = "@rpath";
				INFOPLIST_FILE = IDDataCache/Info.plist;
				INSTALL_PATH = "$(LOCAL_LIBRARY_DIR)/Frameworks";
				IPHONEOS_DEPLOYMENT_TARGET = 8.1;
				LD_RUNPATH_SEARCH_PATHS = "$(inherited) @executable_path/Frameworks @loader_path/Frameworks";
				LIBRARY_SEARCH_PATHS = (
					"$(inherited)",
					"$(SDKROOT)/usr/lib/system",
				);
				PRODUCT_NAME = "$(TARGET_NAME)";
				SKIP_INSTALL = YES;
			};
			name = Release;
		};
		00BEF8E31B18B35400FBB93D /* Debug */ = {
			isa = XCBuildConfiguration;
			buildSettings = {
				PRODUCT_NAME = "$(TARGET_NAME)";
			};
			name = Debug;
		};
		00BEF8E41B18B35400FBB93D /* Release */ = {
			isa = XCBuildConfiguration;
			buildSettings = {
				PRODUCT_NAME = "$(TARGET_NAME)";
			};
			name = Release;
		};
/* End XCBuildConfiguration section */

/* Begin XCConfigurationList section */
		0089F0641B19DC03003DF759 /* Build configuration list for PBXNativeTarget "CommonCrypto" */ = {
			isa = XCConfigurationList;
			buildConfigurations = (
				0089F0601B19DC03003DF759 /* Debug */,
				0089F0611B19DC03003DF759 /* Release */,
			);
			defaultConfigurationIsVisible = 0;
			defaultConfigurationName = Release;
		};
		00BEF8BF1B18B18700FBB93D /* Build configuration list for PBXProject "IDDataCache" */ = {
			isa = XCConfigurationList;
			buildConfigurations = (
				00BEF8D91B18B18700FBB93D /* Debug */,
				00BEF8DA1B18B18700FBB93D /* Release */,
			);
			defaultConfigurationIsVisible = 0;
			defaultConfigurationName = Release;
		};
		00BEF8DB1B18B18700FBB93D /* Build configuration list for PBXNativeTarget "IDDataCache" */ = {
			isa = XCConfigurationList;
			buildConfigurations = (
				00BEF8DC1B18B18700FBB93D /* Debug */,
				00BEF8DD1B18B18700FBB93D /* Release */,
			);
			defaultConfigurationIsVisible = 0;
			defaultConfigurationName = Release;
		};
		00BEF8E21B18B35400FBB93D /* Build configuration list for PBXAggregateTarget "IDDataCache-Universal" */ = {
			isa = XCConfigurationList;
			buildConfigurations = (
				00BEF8E31B18B35400FBB93D /* Debug */,
				00BEF8E41B18B35400FBB93D /* Release */,
			);
			defaultConfigurationIsVisible = 0;
			defaultConfigurationName = Release;
		};
/* End XCConfigurationList section */
	};
	rootObject = 00BEF8BC1B18B18700FBB93D /* Project object */;
}
